{
  "version": 4,
  "terraform_version": "1.3.6",
  "serial": 363,
  "lineage": "58a66630-a65e-a382-1257-8ad4dffa95bd",
  "outputs": {},
  "resources": [
    {
      "mode": "data",
      "type": "google_billing_account",
      "name": "account",
      "provider": "provider[\"registry.terraform.io/hashicorp/google\"]",
      "instances": [
        {
          "schema_version": 0,
          "attributes": {
            "billing_account": null,
            "display_name": "Onix - Johns Hopkins BIOS",
            "id": "014359-136C11-7BC7B3",
            "name": "billingAccounts/014359-136C11-7BC7B3",
            "open": true,
            "project_ids": [
              "classificationtutorial1524",
              "classificationtutorial4d65",
              "classificationtutorial6888",
              "jhu-dev-deid-project",
              "jhu-prod-ops-project",
              "model-host",
              "segtutorial5cd6",
              "the-field-366815"
            ]
          },
          "sensitive_attributes": []
        }
      ]
    },
    {
      "mode": "managed",
      "type": "google_cloud_run_service",
      "name": "default",
      "provider": "provider[\"registry.terraform.io/hashicorp/google\"]",
      "instances": [
        {
          "schema_version": 1,
          "attributes": {
            "autogenerate_revision_name": false,
            "id": "locations/us-east1/namespaces/segtutorial5cd6/services/bst-cloudrun",
            "location": "us-east1",
            "metadata": [
              {
                "annotations": {
                  "client.knative.dev/user-image": "gcr.io/segtutorial5cd6/bst-image@sha256:1e002b1fe65e5963b06b3cd964bb1c6446fd91eec51ee4e01b1e4f00d3821526",
                  "run.googleapis.com/client-name": "cloud-console",
                  "run.googleapis.com/ingress": "all",
                  "run.googleapis.com/ingress-status": "all",
                  "run.googleapis.com/launch-stage": "BETA",
                  "serving.knative.dev/creator": "kaneels@braininjuryoutcomes.com",
                  "serving.knative.dev/lastModifier": "kaneels@braininjuryoutcomes.com"
                },
                "generation": 8,
                "labels": {
                  "cloud.googleapis.com/location": "us-east1"
                },
                "namespace": "segtutorial5cd6",
                "resource_version": "AAXvu0Kh7M0",
                "self_link": "/apis/serving.knative.dev/v1/namespaces/728834840823/services/bst-cloudrun",
                "uid": "40898631-aa51-4692-ae72-76e43c38e402"
              }
            ],
            "name": "bst-cloudrun",
            "project": "segtutorial5cd6",
            "status": [
              {
                "conditions": [
                  {
                    "message": "",
                    "reason": "",
                    "status": "True",
                    "type": "Ready"
                  },
                  {
                    "message": "",
                    "reason": "",
                    "status": "True",
                    "type": "ConfigurationsReady"
                  },
                  {
                    "message": "",
                    "reason": "",
                    "status": "True",
                    "type": "RoutesReady"
                  }
                ],
                "latest_created_revision_name": "bst-cloudrun-00007-qev",
                "latest_ready_revision_name": "bst-cloudrun-00007-qev",
                "observed_generation": 8,
                "url": "https://bst-cloudrun-nh2ao3h5ba-ue.a.run.app"
              }
            ],
            "template": [
              {
                "metadata": [
                  {
                    "annotations": {
                      "autoscaling.knative.dev/maxScale": "100",
                      "run.googleapis.com/client-name": "cloud-console"
                    },
                    "generation": 0,
                    "labels": {},
                    "name": "bst-cloudrun-00007-qev",
                    "namespace": "",
                    "resource_version": "",
                    "self_link": "",
                    "uid": ""
                  }
                ],
                "spec": [
                  {
                    "container_concurrency": 80,
                    "containers": [
                      {
                        "args": [],
                        "command": [],
                        "env": [],
                        "env_from": [],
                        "image": "gcr.io/segtutorial5cd6/bst-image@sha256:1e002b1fe65e5963b06b3cd964bb1c6446fd91eec51ee4e01b1e4f00d3821526",
                        "ports": [
                          {
                            "container_port": 8080,
                            "name": "http1",
                            "protocol": ""
                          }
                        ],
                        "resources": [
                          {
                            "limits": {
                              "cpu": "8000m",
                              "memory": "32Gi"
                            },
                            "requests": {}
                          }
                        ],
                        "volume_mounts": [],
                        "working_dir": ""
                      }
                    ],
                    "service_account_name": "728834840823-compute@developer.gserviceaccount.com",
                    "serving_state": "",
                    "timeout_seconds": 3000,
                    "volumes": []
                  }
                ]
              }
            ],
            "timeouts": null,
            "traffic": [
              {
                "latest_revision": false,
                "percent": 100,
                "revision_name": "bst-cloudrun-00007-qev",
                "tag": "",
                "url": ""
              }
            ]
          },
          "sensitive_attributes": [],
          "private": "eyJlMmJmYjczMC1lY2FhLTExZTYtOGY4OC0zNDM2M2JjN2M0YzAiOnsiY3JlYXRlIjoxMjAwMDAwMDAwMDAwLCJkZWxldGUiOjEyMDAwMDAwMDAwMDAsInVwZGF0ZSI6MTIwMDAwMDAwMDAwMH0sInNjaGVtYV92ZXJzaW9uIjoiMSJ9",
          "dependencies": [
            "data.google_billing_account.account",
            "google_project.project",
            "google_project_iam_member.project_owner",
            "google_project_service.cloud_build_service",
            "google_project_service.cloud_run_service",
            "null_resource.app_container",
            "random_id.id"
          ]
        }
      ]
    },
    {
      "mode": "managed",
      "type": "google_cloud_run_service_iam_binding",
      "name": "binding",
      "provider": "provider[\"registry.terraform.io/hashicorp/google\"]",
      "instances": [
        {
          "schema_version": 0,
          "attributes": {
            "condition": [],
            "etag": "BwXvt32JEoc=",
            "id": "v1/projects/segtutorial5cd6/locations/us-east1/services/bst-cloudrun/roles/run.invoker",
            "location": "us-east1",
            "members": [
              "serviceAccount:cloud-run-pubsub-invoker@segtutorial5cd6.iam.gserviceaccount.com"
            ],
            "project": "segtutorial5cd6",
            "role": "roles/run.invoker",
            "service": "v1/projects/segtutorial5cd6/locations/us-east1/services/bst-cloudrun"
          },
          "sensitive_attributes": [],
          "private": "bnVsbA==",
          "dependencies": [
            "data.google_billing_account.account",
            "google_cloud_run_service.default",
            "google_project.project",
            "google_project_iam_member.project_owner",
            "google_project_service.cloud_build_service",
            "google_project_service.cloud_run_service",
            "google_service_account.sa",
            "null_resource.app_container",
            "random_id.id"
          ]
        }
      ]
    },
    {
      "mode": "managed",
      "type": "google_project",
      "name": "project",
      "provider": "provider[\"registry.terraform.io/hashicorp/google\"]",
      "instances": [
        {
          "schema_version": 1,
          "attributes": {
            "auto_create_network": true,
            "billing_account": "014359-136C11-7BC7B3",
            "folder_id": "",
            "id": "projects/segtutorial5cd6",
            "labels": {},
            "name": "segtutorial5cd6",
            "number": "728834840823",
            "org_id": "112798711769",
            "project_id": "segtutorial5cd6",
            "skip_delete": null,
            "timeouts": null
          },
          "sensitive_attributes": [],
          "private": "eyJlMmJmYjczMC1lY2FhLTExZTYtOGY4OC0zNDM2M2JjN2M0YzAiOnsiY3JlYXRlIjo2MDAwMDAwMDAwMDAsImRlbGV0ZSI6NjAwMDAwMDAwMDAwLCJyZWFkIjo2MDAwMDAwMDAwMDAsInVwZGF0ZSI6NjAwMDAwMDAwMDAwfSwic2NoZW1hX3ZlcnNpb24iOiIxIn0=",
          "dependencies": [
            "data.google_billing_account.account",
            "random_id.id"
          ]
        }
      ]
    },
    {
      "mode": "managed",
      "type": "google_project_iam_member",
      "name": "project_owner",
      "provider": "provider[\"registry.terraform.io/hashicorp/google\"]",
      "instances": [
        {
          "schema_version": 0,
          "attributes": {
            "condition": [],
            "etag": "BwXvt1rGMRo=",
            "id": "segtutorial5cd6/roles/owner/user:kaneels@braininjuryoutcomes.com",
            "member": "user:kaneels@braininjuryoutcomes.com",
            "project": "segtutorial5cd6",
            "role": "roles/owner"
          },
          "sensitive_attributes": [],
          "private": "bnVsbA==",
          "dependencies": [
            "data.google_billing_account.account",
            "google_project.project",
            "random_id.id"
          ]
        }
      ]
    },
    {
      "mode": "managed",
      "type": "google_project_service",
      "name": "cloud_build_service",
      "provider": "provider[\"registry.terraform.io/hashicorp/google\"]",
      "instances": [
        {
          "schema_version": 0,
          "attributes": {
            "disable_dependent_services": true,
            "disable_on_destroy": true,
            "id": "segtutorial5cd6/cloudbuild.googleapis.com",
            "project": "segtutorial5cd6",
            "service": "cloudbuild.googleapis.com",
            "timeouts": null
          },
          "sensitive_attributes": [],
          "private": "eyJlMmJmYjczMC1lY2FhLTExZTYtOGY4OC0zNDM2M2JjN2M0YzAiOnsiY3JlYXRlIjoxMjAwMDAwMDAwMDAwLCJkZWxldGUiOjEyMDAwMDAwMDAwMDAsInJlYWQiOjYwMDAwMDAwMDAwMCwidXBkYXRlIjoxMjAwMDAwMDAwMDAwfX0=",
          "dependencies": [
            "data.google_billing_account.account",
            "google_project.project",
            "google_project_iam_member.project_owner",
            "random_id.id"
          ]
        }
      ]
    },
    {
      "mode": "managed",
      "type": "google_project_service",
      "name": "cloud_run_service",
      "provider": "provider[\"registry.terraform.io/hashicorp/google\"]",
      "instances": [
        {
          "schema_version": 0,
          "attributes": {
            "disable_dependent_services": true,
            "disable_on_destroy": true,
            "id": "segtutorial5cd6/run.googleapis.com",
            "project": "segtutorial5cd6",
            "service": "run.googleapis.com",
            "timeouts": null
          },
          "sensitive_attributes": [],
          "private": "eyJlMmJmYjczMC1lY2FhLTExZTYtOGY4OC0zNDM2M2JjN2M0YzAiOnsiY3JlYXRlIjoxMjAwMDAwMDAwMDAwLCJkZWxldGUiOjEyMDAwMDAwMDAwMDAsInJlYWQiOjYwMDAwMDAwMDAwMCwidXBkYXRlIjoxMjAwMDAwMDAwMDAwfX0=",
          "dependencies": [
            "data.google_billing_account.account",
            "google_project.project",
            "random_id.id"
          ]
        }
      ]
    },
    {
      "mode": "managed",
      "type": "google_service_account",
      "name": "sa",
      "provider": "provider[\"registry.terraform.io/hashicorp/google\"]",
      "instances": [
        {
          "schema_version": 0,
          "attributes": {
            "account_id": "cloud-run-pubsub-invoker",
            "description": "",
            "disabled": false,
            "display_name": "Cloud Run Pub/Sub Invoker",
            "email": "cloud-run-pubsub-invoker@segtutorial5cd6.iam.gserviceaccount.com",
            "id": "projects/segtutorial5cd6/serviceAccounts/cloud-run-pubsub-invoker@segtutorial5cd6.iam.gserviceaccount.com",
            "member": "serviceAccount:cloud-run-pubsub-invoker@segtutorial5cd6.iam.gserviceaccount.com",
            "name": "projects/segtutorial5cd6/serviceAccounts/cloud-run-pubsub-invoker@segtutorial5cd6.iam.gserviceaccount.com",
            "project": "segtutorial5cd6",
            "timeouts": null,
            "unique_id": "114072010708214124649"
          },
          "sensitive_attributes": [],
          "private": "eyJlMmJmYjczMC1lY2FhLTExZTYtOGY4OC0zNDM2M2JjN2M0YzAiOnsiY3JlYXRlIjozMDAwMDAwMDAwMDB9fQ==",
          "dependencies": [
            "data.google_billing_account.account",
            "google_project.project",
            "google_project_iam_member.project_owner",
            "google_project_service.cloud_run_service",
            "random_id.id"
          ]
        }
      ]
    },
    {
      "mode": "managed",
      "type": "null_resource",
      "name": "app_container",
      "provider": "provider[\"registry.terraform.io/hashicorp/null\"]",
      "instances": [
        {
          "schema_version": 0,
          "attributes": {
            "id": "4348255767745076750",
            "triggers": null
          },
          "sensitive_attributes": [],
          "dependencies": [
            "data.google_billing_account.account",
            "google_project.project",
            "google_project_iam_member.project_owner",
            "google_project_service.cloud_build_service",
            "random_id.id"
          ]
        }
      ]
    },
    {
      "mode": "managed",
      "type": "random_id",
      "name": "id",
      "provider": "provider[\"registry.terraform.io/hashicorp/random\"]",
      "instances": [
        {
          "schema_version": 0,
          "attributes": {
            "b64_std": "XNY=",
            "b64_url": "XNY",
            "byte_length": 2,
            "dec": "23766",
            "hex": "5cd6",
            "id": "XNY",
            "keepers": null,
            "prefix": null
          },
          "sensitive_attributes": []
        }
      ]
    }
  ],
  "check_results": null
}
